
Microsoft Visual Studio Solution File, Format Version 12.00
# Visual Studio Version 16
VisualStudioVersion = 16.0.29418.71
MinimumVisualStudioVersion = 10.0.40219.1
Project("{8BC9CEB8-8B4A-11D0-8D11-00A0C91BC942}") = "rpstake2", "rpstake2\rpstake2.vcxproj", "{901EEC06-0A6A-49BE-84D2-5873AE00E9C9}"
EndProject
Global
	GlobalSection(SolutionConfigurationPlatforms) = preSolution
		Debug|x64 = Debug|x64
		Debug|x86 = Debug|x86
		Release|x64 = Release|x64
		Release|x86 = Release|x86
	EndGlobalSection
	GlobalSection(ProjectConfigurationPlatforms) = postSolution
		{901EEC06-0A6A-49BE-84D2-5873AE00E9C9}.Debug|x64.ActiveCfg = Debug|x64
		{901EEC06-0A6A-49BE-84D2-5873AE00E9C9}.Debug|x64.Build.0 = Debug|x64
		{901EEC06-0A6A-49BE-84D2-5873AE00E9C9}.Debug|x86.ActiveCfg = Debug|Win32
		{901EEC06-0A6A-49BE-84D2-5873AE00E9C9}.Debug|x86.Build.0 = Debug|Win32
		{901EEC06-0A6A-49BE-84D2-5873AE00E9C9}.Release|x64.ActiveCfg = Release|x64
		{901EEC06-0A6A-49BE-84D2-5873AE00E9C9}.Release|x64.Build.0 = Release|x64
		{901EEC06-0A6A-49BE-84D2-5873AE00E9C9}.Release|x86.ActiveCfg = Release|Win32
		{901EEC06-0A6A-49BE-84D2-5873AE00E9C9}.Release|x86.Build.0 = Release|Win32
	EndGlobalSection
	GlobalSection(SolutionProperties) = preSolution
		HideSolutionNode = FALSE
	EndGlobalSection
	GlobalSection(ExtensibilityGlobals) = postSolution
		SolutionGuid = {E1F1332F-44D0-4855-81FA-CA4B16820F40}
	EndGlobalSection
EndGlobal
